<?xml version="1.0" encoding="utf-8"?>
<Project ToolsVersion="4.0" xmlns="http://schemas.microsoft.com/developer/msbuild/2003">
  <ItemGroup>
    <Filter Include="Source Files">
      <UniqueIdentifier>{4FC737F1-C7A5-4376-A066-2A32D752A2FF}</UniqueIdentifier>
      <Extensions>cpp;c;cc;cxx;def;odl;idl;hpj;bat;asm;asmx</Extensions>
    </Filter>
    <Filter Include="Header Files">
      <UniqueIdentifier>{93995380-89BD-4b04-88EB-625FBE52EBFB}</UniqueIdentifier>
      <Extensions>h;hpp;hxx;hm;inl;inc;xsd</Extensions>
    </Filter>
    <Filter Include="Resource Files">
      <UniqueIdentifier>{67DA6AB6-F800-4c08-8B7A-83BB121AAD01}</UniqueIdentifier>
      <Extensions>rc;ico;cur;bmp;dlg;rc2;rct;bin;rgs;gif;jpg;jpeg;jpe;resx;tiff;tif;png;wav;mfcribbon-ms</Extensions>
    </Filter>
  </ItemGroup>
  <ItemGroup>
    <ClInclude Include="TicTacToe\GridEventHandlers.h">
      <Filter>Header Files</Filter>
    </ClInclude>
    <ClInclude Include="TicTacToe\TicTacToe.h">
      <Filter>Header Files</Filter>
    </ClInclude>
    <ClInclude Include="Fitgy\Application.h">
      <Filter>Header Files</Filter>
    </ClInclude>
    <ClInclude Include="Fitgy\Display.h">
      <Filter>Header Files</Filter>
    </ClInclude>
    <ClInclude Include="Fitgy\Entity.h">
      <Filter>Header Files</Filter>
    </ClInclude>
    <ClInclude Include="Fitgy\EventHandler.h">
      <Filter>Header Files</Filter>
    </ClInclude>
    <ClInclude Include="Fitgy\FieldImageEntity.h">
      <Filter>Header Files</Filter>
    </ClInclude>
    <ClInclude Include="Fitgy\Fitgy.h">
      <Filter>Header Files</Filter>
    </ClInclude>
    <ClInclude Include="Fitgy\GridEntity.h">
      <Filter>Header Files</Filter>
    </ClInclude>
    <ClInclude Include="Fitgy\ImageEntity.h">
      <Filter>Header Files</Filter>
    </ClInclude>
    <ClInclude Include="Fitgy\Point.h">
      <Filter>Header Files</Filter>
    </ClInclude>
    <ClInclude Include="Fitgy\SplashScreen.h">
      <Filter>Header Files</Filter>
    </ClInclude>
    <ClInclude Include="Fitgy\TextEntity.h">
      <Filter>Header Files</Filter>
    </ClInclude>
    <ClInclude Include="SDL\begin_code.h">
      <Filter>Header Files</Filter>
    </ClInclude>
    <ClInclude Include="SDL\close_code.h">
      <Filter>Header Files</Filter>
    </ClInclude>
    <ClInclude Include="SDL\SDL.h">
      <Filter>Header Files</Filter>
    </ClInclude>
    <ClInclude Include="SDL\SDL_active.h">
      <Filter>Header Files</Filter>
    </ClInclude>
    <ClInclude Include="SDL\SDL_audio.h">
      <Filter>Header Files</Filter>
    </ClInclude>
    <ClInclude Include="SDL\SDL_byteorder.h">
      <Filter>Header Files</Filter>
    </ClInclude>
    <ClInclude Include="SDL\SDL_cdrom.h">
      <Filter>Header Files</Filter>
    </ClInclude>
    <ClInclude Include="SDL\SDL_config.h">
      <Filter>Header Files</Filter>
    </ClInclude>
    <ClInclude Include="SDL\SDL_config_amiga.h">
      <Filter>Header Files</Filter>
    </ClInclude>
    <ClInclude Include="SDL\SDL_config_dreamcast.h">
      <Filter>Header Files</Filter>
    </ClInclude>
    <ClInclude Include="SDL\SDL_config_macos.h">
      <Filter>Header Files</Filter>
    </ClInclude>
    <ClInclude Include="SDL\SDL_config_macosx.h">
      <Filter>Header Files</Filter>
    </ClInclude>
    <ClInclude Include="SDL\SDL_config_minimal.h">
      <Filter>Header Files</Filter>
    </ClInclude>
    <ClInclude Include="SDL\SDL_config_nds.h">
      <Filter>Header Files</Filter>
    </ClInclude>
    <ClInclude Include="SDL\SDL_config_os2.h">
      <Filter>Header Files</Filter>
    </ClInclude>
    <ClInclude Include="SDL\SDL_config_symbian.h">
      <Filter>Header Files</Filter>
    </ClInclude>
    <ClInclude Include="SDL\SDL_config_win32.h">
      <Filter>Header Files</Filter>
    </ClInclude>
    <ClInclude Include="SDL\SDL_copying.h">
      <Filter>Header Files</Filter>
    </ClInclude>
    <ClInclude Include="SDL\SDL_cpuinfo.h">
      <Filter>Header Files</Filter>
    </ClInclude>
    <ClInclude Include="SDL\SDL_endian.h">
      <Filter>Header Files</Filter>
    </ClInclude>
    <ClInclude Include="SDL\SDL_error.h">
      <Filter>Header Files</Filter>
    </ClInclude>
    <ClInclude Include="SDL\SDL_events.h">
      <Filter>Header Files</Filter>
    </ClInclude>
    <ClInclude Include="SDL\SDL_getenv.h">
      <Filter>Header Files</Filter>
    </ClInclude>
    <ClInclude Include="SDL\SDL_joystick.h">
      <Filter>Header Files</Filter>
    </ClInclude>
    <ClInclude Include="SDL\SDL_keyboard.h">
      <Filter>Header Files</Filter>
    </ClInclude>
    <ClInclude Include="SDL\SDL_keysym.h">
      <Filter>Header Files</Filter>
    </ClInclude>
    <ClInclude Include="SDL\SDL_loadso.h">
      <Filter>Header Files</Filter>
    </ClInclude>
    <ClInclude Include="SDL\SDL_main.h">
      <Filter>Header Files</Filter>
    </ClInclude>
    <ClInclude Include="SDL\SDL_mouse.h">
      <Filter>Header Files</Filter>
    </ClInclude>
    <ClInclude Include="SDL\SDL_mutex.h">
      <Filter>Header Files</Filter>
    </ClInclude>
    <ClInclude Include="SDL\SDL_name.h">
      <Filter>Header Files</Filter>
    </ClInclude>
    <ClInclude Include="SDL\SDL_opengl.h">
      <Filter>Header Files</Filter>
    </ClInclude>
    <ClInclude Include="SDL\SDL_platform.h">
      <Filter>Header Files</Filter>
    </ClInclude>
    <ClInclude Include="SDL\SDL_quit.h">
      <Filter>Header Files</Filter>
    </ClInclude>
    <ClInclude Include="SDL\SDL_rwops.h">
      <Filter>Header Files</Filter>
    </ClInclude>
    <ClInclude Include="SDL\SDL_stdinc.h">
      <Filter>Header Files</Filter>
    </ClInclude>
    <ClInclude Include="SDL\SDL_syswm.h">
      <Filter>Header Files</Filter>
    </ClInclude>
    <ClInclude Include="SDL\SDL_thread.h">
      <Filter>Header Files</Filter>
    </ClInclude>
    <ClInclude Include="SDL\SDL_timer.h">
      <Filter>Header Files</Filter>
    </ClInclude>
    <ClInclude Include="SDL\SDL_types.h">
      <Filter>Header Files</Filter>
    </ClInclude>
    <ClInclude Include="SDL\SDL_version.h">
      <Filter>Header Files</Filter>
    </ClInclude>
    <ClInclude Include="SDL\SDL_video.h">
      <Filter>Header Files</Filter>
    </ClInclude>
    <ClInclude Include="SDL\SDL_ttf.h">
      <Filter>Header Files</Filter>
    </ClInclude>
    <ClInclude Include="Fitgy\LibSDL.h">
      <Filter>Header Files</Filter>
    </ClInclude>
  </ItemGroup>
  <ItemGroup>
    <ClCompile Include="TicTacToe\main.cc">
      <Filter>Source Files</Filter>
    </ClCompile>
    <ClCompile Include="TicTacToe\TicTacToe.cc">
      <Filter>Source Files</Filter>
    </ClCompile>
    <ClCompile Include="Fitgy\Application.cc">
      <Filter>Source Files</Filter>
    </ClCompile>
    <ClCompile Include="Fitgy\Display.cc">
      <Filter>Source Files</Filter>
    </ClCompile>
    <ClCompile Include="Fitgy\Entity.cc">
      <Filter>Source Files</Filter>
    </ClCompile>
    <ClCompile Include="Fitgy\EventHandler.cc">
      <Filter>Source Files</Filter>
    </ClCompile>
    <ClCompile Include="Fitgy\FieldImageEntity.cc">
      <Filter>Source Files</Filter>
    </ClCompile>
    <ClCompile Include="Fitgy\GridEntity.cc">
      <Filter>Source Files</Filter>
    </ClCompile>
    <ClCompile Include="Fitgy\ImageEntity.cc">
      <Filter>Source Files</Filter>
    </ClCompile>
    <ClCompile Include="Fitgy\Point.cc">
      <Filter>Source Files</Filter>
    </ClCompile>
    <ClCompile Include="Fitgy\SplashScreen.cc">
      <Filter>Source Files</Filter>
    </ClCompile>
    <ClCompile Include="Fitgy\TextEntity.cc">
      <Filter>Source Files</Filter>
    </ClCompile>
  </ItemGroup>
  <ItemGroup>
    <Library Include="SDL.lib" />
    <Library Include="SDL_ttf.lib" />
    <Library Include="SDLmain.lib" />
  </ItemGroup>
  <ItemGroup>
    <None Include="gfx\TicTacToe_Splash.bmp">
      <Filter>Resource Files</Filter>
    </None>
    <None Include="gfx\sdl.bmp">
      <Filter>Resource Files</Filter>
    </None>
    <None Include="gfx\Sample.bmp">
      <Filter>Resource Files</Filter>
    </None>
    <None Include="gfx\PlayerX.bmp">
      <Filter>Resource Files</Filter>
    </None>
    <None Include="gfx\PlayerO.bmp">
      <Filter>Resource Files</Filter>
    </None>
    <None Include="gfx\O.bmp">
      <Filter>Resource Files</Filter>
    </None>
    <None Include="gfx\B100_Hover.bmp">
      <Filter>Resource Files</Filter>
    </None>
    <None Include="gfx\B100.bmp">
      <Filter>Resource Files</Filter>
    </None>
    <None Include="gfx\A100.bmp">
      <Filter>Resource Files</Filter>
    </None>
    <None Include="gfx\X.bmp">
      <Filter>Resource Files</Filter>
    </None>
  </ItemGroup>
</Project>